{
  "name": "@xyo-network/web3-service",
  "version": "0.11.0",
  "lockfileVersion": 1,
  "requires": true,
  "dependencies": {
    "@types/bn.js": {
      "version": "4.11.3",
      "resolved": "https://registry.npmjs.org/@types/bn.js/-/bn.js-4.11.3.tgz",
      "integrity": "sha512-auZ3vEo3UW8tZc9NhF0MTnutKlf+YhsfC3+dwskFcil/EoqqZF60pGuJ2v2Ae1OJTUp3DJnjOJMqrpkmKB904w==",
      "dev": true,
      "requires": {
        "@types/node": "*"
      }
    },
    "@types/node": {
      "version": "10.12.18",
      "resolved": "https://registry.npmjs.org/@types/node/-/node-10.12.18.tgz",
      "integrity": "sha512-fh+pAqt4xRzPfqA6eh3Z2y6fyZavRIumvjhaCL753+TVkGKGhpPeyrJG2JftD0T9q4GF00KjefsQ+PQNDdWQaQ==",
      "dev": true
    },
    "@types/underscore": {
      "version": "1.8.9",
      "resolved": "https://registry.npmjs.org/@types/underscore/-/underscore-1.8.9.tgz",
      "integrity": "sha512-vfzZGgZKRFy7KEWcBGfIFk+h6B+thDCLfkD1exMBMRlUsx2icA+J6y4kAbZs/TjSTeY1duw89QUU133TSzr60Q==",
      "dev": true
    },
    "@types/web3": {
      "version": "1.0.14",
      "resolved": "https://registry.npmjs.org/@types/web3/-/web3-1.0.14.tgz",
      "integrity": "sha512-N841xEBVwg0QNin3Zu+Yf7eEKKeJ0MROMc+FvfgtX8r/fwynFhSZVj3VONVcr9QP/Wffq+aggj+4lgrvG3lnFQ==",
      "dev": true,
      "requires": {
        "@types/bn.js": "*",
        "@types/underscore": "*"
      }
    }
  }
}
